
Microsoft Visual Studio Solution File, Format Version 12.00
# Visual Studio 15
VisualStudioVersion = 15.0.28307.438
MinimumVisualStudioVersion = 10.0.40219.1
Project("{FAE04EC0-301F-11D3-BF4B-00C04F79EFBC}") = "Taller1.Android", "Taller1\Taller1.Android\Taller1.Android.csproj", "{6B0B3F13-885A-4A88-9073-065199DB4070}"
EndProject
Project("{FAE04EC0-301F-11D3-BF4B-00C04F79EFBC}") = "Taller1.iOS", "Taller1\Taller1.iOS\Taller1.iOS.csproj", "{FCA0416D-963F-49A0-B2FA-841D9E1DC3D5}"
EndProject
Project("{FAE04EC0-301F-11D3-BF4B-00C04F79EFBC}") = "Taller1.UWP", "Taller1\Taller1.UWP\Taller1.UWP.csproj", "{CAA002EF-4C90-4DE2-B948-1F680D4B088A}"
EndProject
Project("{FAE04EC0-301F-11D3-BF4B-00C04F79EFBC}") = "Taller1", "Taller1\Taller1\Taller1.csproj", "{1E96DEE5-B3C4-44F1-AA6E-ACF60F3088AA}"
EndProject
Global
	GlobalSection(SolutionConfigurationPlatforms) = preSolution
		Ad-Hoc|Any CPU = Ad-Hoc|Any CPU
		Ad-Hoc|ARM = Ad-Hoc|ARM
		Ad-Hoc|iPhone = Ad-Hoc|iPhone
		Ad-Hoc|iPhoneSimulator = Ad-Hoc|iPhoneSimulator
		Ad-Hoc|x64 = Ad-Hoc|x64
		Ad-Hoc|x86 = Ad-Hoc|x86
		AppStore|Any CPU = AppStore|Any CPU
		AppStore|ARM = AppStore|ARM
		AppStore|iPhone = AppStore|iPhone
		AppStore|iPhoneSimulator = AppStore|iPhoneSimulator
		AppStore|x64 = AppStore|x64
		AppStore|x86 = AppStore|x86
		Debug|Any CPU = Debug|Any CPU
		Debug|ARM = Debug|ARM
		Debug|iPhone = Debug|iPhone
		Debug|iPhoneSimulator = Debug|iPhoneSimulator
		Debug|x64 = Debug|x64
		Debug|x86 = Debug|x86
		Release|Any CPU = Release|Any CPU
		Release|ARM = Release|ARM
		Release|iPhone = Release|iPhone
		Release|iPhoneSimulator = Release|iPhoneSimulator
		Release|x64 = Release|x64
		Release|x86 = Release|x86
	EndGlobalSection
	GlobalSection(ProjectConfigurationPlatforms) = postSolution
		{6B0B3F13-885A-4A88-9073-065199DB4070}.Ad-Hoc|Any CPU.ActiveCfg = Release|Any CPU
		{6B0B3F13-885A-4A88-9073-065199DB4070}.Ad-Hoc|Any CPU.Build.0 = Release|Any CPU
		{6B0B3F13-885A-4A88-9073-065199DB4070}.Ad-Hoc|Any CPU.Deploy.0 = Release|Any CPU
		{6B0B3F13-885A-4A88-9073-065199DB4070}.Ad-Hoc|ARM.ActiveCfg = Release|Any CPU
		{6B0B3F13-885A-4A88-9073-065199DB4070}.Ad-Hoc|ARM.Build.0 = Release|Any CPU
		{6B0B3F13-885A-4A88-9073-065199DB4070}.Ad-Hoc|ARM.Deploy.0 = Release|Any CPU
		{6B0B3F13-885A-4A88-9073-065199DB4070}.Ad-Hoc|iPhone.ActiveCfg = Release|Any CPU
		{6B0B3F13-885A-4A88-9073-065199DB4070}.Ad-Hoc|iPhone.Build.0 = Release|Any CPU
		{6B0B3F13-885A-4A88-9073-065199DB4070}.Ad-Hoc|iPhone.Deploy.0 = Release|Any CPU
		{6B0B3F13-885A-4A88-9073-065199DB4070}.Ad-Hoc|iPhoneSimulator.ActiveCfg = Release|Any CPU
		{6B0B3F13-885A-4A88-9073-065199DB4070}.Ad-Hoc|iPhoneSimulator.Build.0 = Release|Any CPU
		{6B0B3F13-885A-4A88-9073-065199DB4070}.Ad-Hoc|iPhoneSimulator.Deploy.0 = Release|Any CPU
		{6B0B3F13-885A-4A88-9073-065199DB4070}.Ad-Hoc|x64.ActiveCfg = Release|Any CPU
		{6B0B3F13-885A-4A88-9073-065199DB4070}.Ad-Hoc|x64.Build.0 = Release|Any CPU
		{6B0B3F13-885A-4A88-9073-065199DB4070}.Ad-Hoc|x64.Deploy.0 = Release|Any CPU
		{6B0B3F13-885A-4A88-9073-065199DB4070}.Ad-Hoc|x86.ActiveCfg = Release|Any CPU
		{6B0B3F13-885A-4A88-9073-065199DB4070}.Ad-Hoc|x86.Build.0 = Release|Any CPU
		{6B0B3F13-885A-4A88-9073-065199DB4070}.Ad-Hoc|x86.Deploy.0 = Release|Any CPU
		{6B0B3F13-885A-4A88-9073-065199DB4070}.AppStore|Any CPU.ActiveCfg = Release|Any CPU
		{6B0B3F13-885A-4A88-9073-065199DB4070}.AppStore|Any CPU.Build.0 = Release|Any CPU
		{6B0B3F13-885A-4A88-9073-065199DB4070}.AppStore|Any CPU.Deploy.0 = Release|Any CPU
		{6B0B3F13-885A-4A88-9073-065199DB4070}.AppStore|ARM.ActiveCfg = Release|Any CPU
		{6B0B3F13-885A-4A88-9073-065199DB4070}.AppStore|ARM.Build.0 = Release|Any CPU
		{6B0B3F13-885A-4A88-9073-065199DB4070}.AppStore|ARM.Deploy.0 = Release|Any CPU
		{6B0B3F13-885A-4A88-9073-065199DB4070}.AppStore|iPhone.ActiveCfg = Release|Any CPU
		{6B0B3F13-885A-4A88-9073-065199DB4070}.AppStore|iPhone.Build.0 = Release|Any CPU
		{6B0B3F13-885A-4A88-9073-065199DB4070}.AppStore|iPhone.Deploy.0 = Release|Any CPU
		{6B0B3F13-885A-4A88-9073-065199DB4070}.AppStore|iPhoneSimulator.ActiveCfg = Release|Any CPU
		{6B0B3F13-885A-4A88-9073-065199DB4070}.AppStore|iPhoneSimulator.Build.0 = Release|Any CPU
		{6B0B3F13-885A-4A88-9073-065199DB4070}.AppStore|iPhoneSimulator.Deploy.0 = Release|Any CPU
		{6B0B3F13-885A-4A88-9073-065199DB4070}.AppStore|x64.ActiveCfg = Release|Any CPU
		{6B0B3F13-885A-4A88-9073-065199DB4070}.AppStore|x64.Build.0 = Release|Any CPU
		{6B0B3F13-885A-4A88-9073-065199DB4070}.AppStore|x64.Deploy.0 = Release|Any CPU
		{6B0B3F13-885A-4A88-9073-065199DB4070}.AppStore|x86.ActiveCfg = Release|Any CPU
		{6B0B3F13-885A-4A88-9073-065199DB4070}.AppStore|x86.Build.0 = Release|Any CPU
		{6B0B3F13-885A-4A88-9073-065199DB4070}.AppStore|x86.Deploy.0 = Release|Any CPU
		{6B0B3F13-885A-4A88-9073-065199DB4070}.Debug|Any CPU.ActiveCfg = Debug|Any CPU
		{6B0B3F13-885A-4A88-9073-065199DB4070}.Debug|Any CPU.Build.0 = Debug|Any CPU
		{6B0B3F13-885A-4A88-9073-065199DB4070}.Debug|Any CPU.Deploy.0 = Debug|Any CPU
		{6B0B3F13-885A-4A88-9073-065199DB4070}.Debug|ARM.ActiveCfg = Debug|Any CPU
		{6B0B3F13-885A-4A88-9073-065199DB4070}.Debug|ARM.Build.0 = Debug|Any CPU
		{6B0B3F13-885A-4A88-9073-065199DB4070}.Debug|ARM.Deploy.0 = Debug|Any CPU
		{6B0B3F13-885A-4A88-9073-065199DB4070}.Debug|iPhone.ActiveCfg = Debug|Any CPU
		{6B0B3F13-885A-4A88-9073-065199DB4070}.Debug|iPhone.Build.0 = Debug|Any CPU
		{6B0B3F13-885A-4A88-9073-065199DB4070}.Debug|iPhone.Deploy.0 = Debug|Any CPU
		{6B0B3F13-885A-4A88-9073-065199DB4070}.Debug|iPhoneSimulator.ActiveCfg = Debug|Any CPU
		{6B0B3F13-885A-4A88-9073-065199DB4070}.Debug|iPhoneSimulator.Build.0 = Debug|Any CPU
		{6B0B3F13-885A-4A88-9073-065199DB4070}.Debug|iPhoneSimulator.Deploy.0 = Debug|Any CPU
		{6B0B3F13-885A-4A88-9073-065199DB4070}.Debug|x64.ActiveCfg = Debug|Any CPU
		{6B0B3F13-885A-4A88-9073-065199DB4070}.Debug|x64.Build.0 = Debug|Any CPU
		{6B0B3F13-885A-4A88-9073-065199DB4070}.Debug|x64.Deploy.0 = Debug|Any CPU
		{6B0B3F13-885A-4A88-9073-065199DB4070}.Debug|x86.ActiveCfg = Debug|Any CPU
		{6B0B3F13-885A-4A88-9073-065199DB4070}.Debug|x86.Build.0 = Debug|Any CPU
		{6B0B3F13-885A-4A88-9073-065199DB4070}.Debug|x86.Deploy.0 = Debug|Any CPU
		{6B0B3F13-885A-4A88-9073-065199DB4070}.Release|Any CPU.ActiveCfg = Release|Any CPU
		{6B0B3F13-885A-4A88-9073-065199DB4070}.Release|Any CPU.Build.0 = Release|Any CPU
		{6B0B3F13-885A-4A88-9073-065199DB4070}.Release|Any CPU.Deploy.0 = Release|Any CPU
		{6B0B3F13-885A-4A88-9073-065199DB4070}.Release|ARM.ActiveCfg = Release|Any CPU
		{6B0B3F13-885A-4A88-9073-065199DB4070}.Release|ARM.Build.0 = Release|Any CPU
		{6B0B3F13-885A-4A88-9073-065199DB4070}.Release|ARM.Deploy.0 = Release|Any CPU
		{6B0B3F13-885A-4A88-9073-065199DB4070}.Release|iPhone.ActiveCfg = Release|Any CPU
		{6B0B3F13-885A-4A88-9073-065199DB4070}.Release|iPhone.Build.0 = Release|Any CPU
		{6B0B3F13-885A-4A88-9073-065199DB4070}.Release|iPhone.Deploy.0 = Release|Any CPU
		{6B0B3F13-885A-4A88-9073-065199DB4070}.Release|iPhoneSimulator.ActiveCfg = Release|Any CPU
		{6B0B3F13-885A-4A88-9073-065199DB4070}.Release|iPhoneSimulator.Build.0 = Release|Any CPU
		{6B0B3F13-885A-4A88-9073-065199DB4070}.Release|iPhoneSimulator.Deploy.0 = Release|Any CPU
		{6B0B3F13-885A-4A88-9073-065199DB4070}.Release|x64.ActiveCfg = Release|Any CPU
		{6B0B3F13-885A-4A88-9073-065199DB4070}.Release|x64.Build.0 = Release|Any CPU
		{6B0B3F13-885A-4A88-9073-065199DB4070}.Release|x64.Deploy.0 = Release|Any CPU
		{6B0B3F13-885A-4A88-9073-065199DB4070}.Release|x86.ActiveCfg = Release|Any CPU
		{6B0B3F13-885A-4A88-9073-065199DB4070}.Release|x86.Build.0 = Release|Any CPU
		{6B0B3F13-885A-4A88-9073-065199DB4070}.Release|x86.Deploy.0 = Release|Any CPU
		{FCA0416D-963F-49A0-B2FA-841D9E1DC3D5}.Ad-Hoc|Any CPU.ActiveCfg = Ad-Hoc|iPhone
		{FCA0416D-963F-49A0-B2FA-841D9E1DC3D5}.Ad-Hoc|Any CPU.Build.0 = Ad-Hoc|iPhone
		{FCA0416D-963F-49A0-B2FA-841D9E1DC3D5}.Ad-Hoc|Any CPU.Deploy.0 = Ad-Hoc|iPhone
		{FCA0416D-963F-49A0-B2FA-841D9E1DC3D5}.Ad-Hoc|ARM.ActiveCfg = Ad-Hoc|iPhone
		{FCA0416D-963F-49A0-B2FA-841D9E1DC3D5}.Ad-Hoc|ARM.Build.0 = Ad-Hoc|iPhone
		{FCA0416D-963F-49A0-B2FA-841D9E1DC3D5}.Ad-Hoc|ARM.Deploy.0 = Ad-Hoc|iPhone
		{FCA0416D-963F-49A0-B2FA-841D9E1DC3D5}.Ad-Hoc|iPhone.ActiveCfg = Ad-Hoc|iPhone
		{FCA0416D-963F-49A0-B2FA-841D9E1DC3D5}.Ad-Hoc|iPhone.Build.0 = Ad-Hoc|iPhone
		{FCA0416D-963F-49A0-B2FA-841D9E1DC3D5}.Ad-Hoc|iPhone.Deploy.0 = Ad-Hoc|iPhone
		{FCA0416D-963F-49A0-B2FA-841D9E1DC3D5}.Ad-Hoc|iPhoneSimulator.ActiveCfg = Ad-Hoc|iPhoneSimulator
		{FCA0416D-963F-49A0-B2FA-841D9E1DC3D5}.Ad-Hoc|iPhoneSimulator.Build.0 = Ad-Hoc|iPhoneSimulator
		{FCA0416D-963F-49A0-B2FA-841D9E1DC3D5}.Ad-Hoc|iPhoneSimulator.Deploy.0 = Ad-Hoc|iPhoneSimulator
		{FCA0416D-963F-49A0-B2FA-841D9E1DC3D5}.Ad-Hoc|x64.ActiveCfg = Ad-Hoc|iPhone
		{FCA0416D-963F-49A0-B2FA-841D9E1DC3D5}.Ad-Hoc|x64.Build.0 = Ad-Hoc|iPhone
		{FCA0416D-963F-49A0-B2FA-841D9E1DC3D5}.Ad-Hoc|x64.Deploy.0 = Ad-Hoc|iPhone
		{FCA0416D-963F-49A0-B2FA-841D9E1DC3D5}.Ad-Hoc|x86.ActiveCfg = Ad-Hoc|iPhone
		{FCA0416D-963F-49A0-B2FA-841D9E1DC3D5}.Ad-Hoc|x86.Build.0 = Ad-Hoc|iPhone
		{FCA0416D-963F-49A0-B2FA-841D9E1DC3D5}.Ad-Hoc|x86.Deploy.0 = Ad-Hoc|iPhone
		{FCA0416D-963F-49A0-B2FA-841D9E1DC3D5}.AppStore|Any CPU.ActiveCfg = AppStore|iPhone
		{FCA0416D-963F-49A0-B2FA-841D9E1DC3D5}.AppStore|Any CPU.Build.0 = AppStore|iPhone
		{FCA0416D-963F-49A0-B2FA-841D9E1DC3D5}.AppStore|Any CPU.Deploy.0 = AppStore|iPhone
		{FCA0416D-963F-49A0-B2FA-841D9E1DC3D5}.AppStore|ARM.ActiveCfg = AppStore|iPhone
		{FCA0416D-963F-49A0-B2FA-841D9E1DC3D5}.AppStore|ARM.Build.0 = AppStore|iPhone
		{FCA0416D-963F-49A0-B2FA-841D9E1DC3D5}.AppStore|ARM.Deploy.0 = AppStore|iPhone
		{FCA0416D-963F-49A0-B2FA-841D9E1DC3D5}.AppStore|iPhone.ActiveCfg = AppStore|iPhone
		{FCA0416D-963F-49A0-B2FA-841D9E1DC3D5}.AppStore|iPhone.Build.0 = AppStore|iPhone
		{FCA0416D-963F-49A0-B2FA-841D9E1DC3D5}.AppStore|iPhone.Deploy.0 = AppStore|iPhone
		{FCA0416D-963F-49A0-B2FA-841D9E1DC3D5}.AppStore|iPhoneSimulator.ActiveCfg = AppStore|iPhoneSimulator
		{FCA0416D-963F-49A0-B2FA-841D9E1DC3D5}.AppStore|iPhoneSimulator.Build.0 = AppStore|iPhoneSimulator
		{FCA0416D-963F-49A0-B2FA-841D9E1DC3D5}.AppStore|iPhoneSimulator.Deploy.0 = AppStore|iPhoneSimulator
		{FCA0416D-963F-49A0-B2FA-841D9E1DC3D5}.AppStore|x64.ActiveCfg = AppStore|iPhone
		{FCA0416D-963F-49A0-B2FA-841D9E1DC3D5}.AppStore|x64.Build.0 = AppStore|iPhone
		{FCA0416D-963F-49A0-B2FA-841D9E1DC3D5}.AppStore|x64.Deploy.0 = AppStore|iPhone
		{FCA0416D-963F-49A0-B2FA-841D9E1DC3D5}.AppStore|x86.ActiveCfg = AppStore|iPhone
		{FCA0416D-963F-49A0-B2FA-841D9E1DC3D5}.AppStore|x86.Build.0 = AppStore|iPhone
		{FCA0416D-963F-49A0-B2FA-841D9E1DC3D5}.AppStore|x86.Deploy.0 = AppStore|iPhone
		{FCA0416D-963F-49A0-B2FA-841D9E1DC3D5}.Debug|Any CPU.ActiveCfg = Debug|iPhoneSimulator
		{FCA0416D-963F-49A0-B2FA-841D9E1DC3D5}.Debug|Any CPU.Build.0 = Debug|iPhoneSimulator
		{FCA0416D-963F-49A0-B2FA-841D9E1DC3D5}.Debug|Any CPU.Deploy.0 = Debug|iPhoneSimulator
		{FCA0416D-963F-49A0-B2FA-841D9E1DC3D5}.Debug|ARM.ActiveCfg = Debug|iPhone
		{FCA0416D-963F-49A0-B2FA-841D9E1DC3D5}.Debug|ARM.Build.0 = Debug|iPhone
		{FCA0416D-963F-49A0-B2FA-841D9E1DC3D5}.Debug|ARM.Deploy.0 = Debug|iPhone
		{FCA0416D-963F-49A0-B2FA-841D9E1DC3D5}.Debug|iPhone.ActiveCfg = Debug|iPhone
		{FCA0416D-963F-49A0-B2FA-841D9E1DC3D5}.Debug|iPhone.Build.0 = Debug|iPhone
		{FCA0416D-963F-49A0-B2FA-841D9E1DC3D5}.Debug|iPhone.Deploy.0 = Debug|iPhone
		{FCA0416D-963F-49A0-B2FA-841D9E1DC3D5}.Debug|iPhoneSimulator.ActiveCfg = Debug|iPhoneSimulator
		{FCA0416D-963F-49A0-B2FA-841D9E1DC3D5}.Debug|iPhoneSimulator.Build.0 = Debug|iPhoneSimulator
		{FCA0416D-963F-49A0-B2FA-841D9E1DC3D5}.Debug|iPhoneSimulator.Deploy.0 = Debug|iPhoneSimulator
		{FCA0416D-963F-49A0-B2FA-841D9E1DC3D5}.Debug|x64.ActiveCfg = Debug|iPhone
		{FCA0416D-963F-49A0-B2FA-841D9E1DC3D5}.Debug|x64.Build.0 = Debug|iPhone
		{FCA0416D-963F-49A0-B2FA-841D9E1DC3D5}.Debug|x64.Deploy.0 = Debug|iPhone
		{FCA0416D-963F-49A0-B2FA-841D9E1DC3D5}.Debug|x86.ActiveCfg = Debug|iPhone
		{FCA0416D-963F-49A0-B2FA-841D9E1DC3D5}.Debug|x86.Build.0 = Debug|iPhone
		{FCA0416D-963F-49A0-B2FA-841D9E1DC3D5}.Debug|x86.Deploy.0 = Debug|iPhone
		{FCA0416D-963F-49A0-B2FA-841D9E1DC3D5}.Release|Any CPU.ActiveCfg = Release|iPhone
		{FCA0416D-963F-49A0-B2FA-841D9E1DC3D5}.Release|Any CPU.Build.0 = Release|iPhone
		{FCA0416D-963F-49A0-B2FA-841D9E1DC3D5}.Release|Any CPU.Deploy.0 = Release|iPhone
		{FCA0416D-963F-49A0-B2FA-841D9E1DC3D5}.Release|ARM.ActiveCfg = Release|iPhone
		{FCA0416D-963F-49A0-B2FA-841D9E1DC3D5}.Release|ARM.Build.0 = Release|iPhone
		{FCA0416D-963F-49A0-B2FA-841D9E1DC3D5}.Release|ARM.Deploy.0 = Release|iPhone
		{FCA0416D-963F-49A0-B2FA-841D9E1DC3D5}.Release|iPhone.ActiveCfg = Release|iPhone
		{FCA0416D-963F-49A0-B2FA-841D9E1DC3D5}.Release|iPhone.Build.0 = Release|iPhone
		{FCA0416D-963F-49A0-B2FA-841D9E1DC3D5}.Release|iPhone.Deploy.0 = Release|iPhone
		{FCA0416D-963F-49A0-B2FA-841D9E1DC3D5}.Release|iPhoneSimulator.ActiveCfg = Release|iPhoneSimulator
		{FCA0416D-963F-49A0-B2FA-841D9E1DC3D5}.Release|iPhoneSimulator.Build.0 = Release|iPhoneSimulator
		{FCA0416D-963F-49A0-B2FA-841D9E1DC3D5}.Release|iPhoneSimulator.Deploy.0 = Release|iPhoneSimulator
		{FCA0416D-963F-49A0-B2FA-841D9E1DC3D5}.Release|x64.ActiveCfg = Release|iPhone
		{FCA0416D-963F-49A0-B2FA-841D9E1DC3D5}.Release|x64.Build.0 = Release|iPhone
		{FCA0416D-963F-49A0-B2FA-841D9E1DC3D5}.Release|x64.Deploy.0 = Release|iPhone
		{FCA0416D-963F-49A0-B2FA-841D9E1DC3D5}.Release|x86.ActiveCfg = Release|iPhone
		{FCA0416D-963F-49A0-B2FA-841D9E1DC3D5}.Release|x86.Build.0 = Release|iPhone
		{FCA0416D-963F-49A0-B2FA-841D9E1DC3D5}.Release|x86.Deploy.0 = Release|iPhone
		{CAA002EF-4C90-4DE2-B948-1F680D4B088A}.Ad-Hoc|Any CPU.ActiveCfg = Release|x86
		{CAA002EF-4C90-4DE2-B948-1F680D4B088A}.Ad-Hoc|Any CPU.Build.0 = Release|x86
		{CAA002EF-4C90-4DE2-B948-1F680D4B088A}.Ad-Hoc|Any CPU.Deploy.0 = Release|x86
		{CAA002EF-4C90-4DE2-B948-1F680D4B088A}.Ad-Hoc|ARM.ActiveCfg = Release|ARM
		{CAA002EF-4C90-4DE2-B948-1F680D4B088A}.Ad-Hoc|ARM.Build.0 = Release|ARM
		{CAA002EF-4C90-4DE2-B948-1F680D4B088A}.Ad-Hoc|ARM.Deploy.0 = Release|ARM
		{CAA002EF-4C90-4DE2-B948-1F680D4B088A}.Ad-Hoc|iPhone.ActiveCfg = Release|x86
		{CAA002EF-4C90-4DE2-B948-1F680D4B088A}.Ad-Hoc|iPhone.Build.0 = Release|x86
		{CAA002EF-4C90-4DE2-B948-1F680D4B088A}.Ad-Hoc|iPhone.Deploy.0 = Release|x86
		{CAA002EF-4C90-4DE2-B948-1F680D4B088A}.Ad-Hoc|iPhoneSimulator.ActiveCfg = Release|x86
		{CAA002EF-4C90-4DE2-B948-1F680D4B088A}.Ad-Hoc|iPhoneSimulator.Build.0 = Release|x86
		{CAA002EF-4C90-4DE2-B948-1F680D4B088A}.Ad-Hoc|iPhoneSimulator.Deploy.0 = Release|x86
		{CAA002EF-4C90-4DE2-B948-1F680D4B088A}.Ad-Hoc|x64.ActiveCfg = Release|x64
		{CAA002EF-4C90-4DE2-B948-1F680D4B088A}.Ad-Hoc|x64.Build.0 = Release|x64
		{CAA002EF-4C90-4DE2-B948-1F680D4B088A}.Ad-Hoc|x64.Deploy.0 = Release|x64
		{CAA002EF-4C90-4DE2-B948-1F680D4B088A}.Ad-Hoc|x86.ActiveCfg = Release|x86
		{CAA002EF-4C90-4DE2-B948-1F680D4B088A}.Ad-Hoc|x86.Build.0 = Release|x86
		{CAA002EF-4C90-4DE2-B948-1F680D4B088A}.Ad-Hoc|x86.Deploy.0 = Release|x86
		{CAA002EF-4C90-4DE2-B948-1F680D4B088A}.AppStore|Any CPU.ActiveCfg = Release|x86
		{CAA002EF-4C90-4DE2-B948-1F680D4B088A}.AppStore|Any CPU.Build.0 = Release|x86
		{CAA002EF-4C90-4DE2-B948-1F680D4B088A}.AppStore|Any CPU.Deploy.0 = Release|x86
		{CAA002EF-4C90-4DE2-B948-1F680D4B088A}.AppStore|ARM.ActiveCfg = Release|ARM
		{CAA002EF-4C90-4DE2-B948-1F680D4B088A}.AppStore|ARM.Build.0 = Release|ARM
		{CAA002EF-4C90-4DE2-B948-1F680D4B088A}.AppStore|ARM.Deploy.0 = Release|ARM
		{CAA002EF-4C90-4DE2-B948-1F680D4B088A}.AppStore|iPhone.ActiveCfg = Release|x86
		{CAA002EF-4C90-4DE2-B948-1F680D4B088A}.AppStore|iPhone.Build.0 = Release|x86
		{CAA002EF-4C90-4DE2-B948-1F680D4B088A}.AppStore|iPhone.Deploy.0 = Release|x86
		{CAA002EF-4C90-4DE2-B948-1F680D4B088A}.AppStore|iPhoneSimulator.ActiveCfg = Release|x86
		{CAA002EF-4C90-4DE2-B948-1F680D4B088A}.AppStore|iPhoneSimulator.Build.0 = Release|x86
		{CAA002EF-4C90-4DE2-B948-1F680D4B088A}.AppStore|iPhoneSimulator.Deploy.0 = Release|x86
		{CAA002EF-4C90-4DE2-B948-1F680D4B088A}.AppStore|x64.ActiveCfg = Release|x64
		{CAA002EF-4C90-4DE2-B948-1F680D4B088A}.AppStore|x64.Build.0 = Release|x64
		{CAA002EF-4C90-4DE2-B948-1F680D4B088A}.AppStore|x64.Deploy.0 = Release|x64
		{CAA002EF-4C90-4DE2-B948-1F680D4B088A}.AppStore|x86.ActiveCfg = Release|x86
		{CAA002EF-4C90-4DE2-B948-1F680D4B088A}.AppStore|x86.Build.0 = Release|x86
		{CAA002EF-4C90-4DE2-B948-1F680D4B088A}.AppStore|x86.Deploy.0 = Release|x86
		{CAA002EF-4C90-4DE2-B948-1F680D4B088A}.Debug|Any CPU.ActiveCfg = Debug|x86
		{CAA002EF-4C90-4DE2-B948-1F680D4B088A}.Debug|Any CPU.Build.0 = Debug|x86
		{CAA002EF-4C90-4DE2-B948-1F680D4B088A}.Debug|Any CPU.Deploy.0 = Debug|x86
		{CAA002EF-4C90-4DE2-B948-1F680D4B088A}.Debug|ARM.ActiveCfg = Debug|ARM
		{CAA002EF-4C90-4DE2-B948-1F680D4B088A}.Debug|ARM.Build.0 = Debug|ARM
		{CAA002EF-4C90-4DE2-B948-1F680D4B088A}.Debug|ARM.Deploy.0 = Debug|ARM
		{CAA002EF-4C90-4DE2-B948-1F680D4B088A}.Debug|iPhone.ActiveCfg = Debug|x86
		{CAA002EF-4C90-4DE2-B948-1F680D4B088A}.Debug|iPhone.Build.0 = Debug|x86
		{CAA002EF-4C90-4DE2-B948-1F680D4B088A}.Debug|iPhone.Deploy.0 = Debug|x86
		{CAA002EF-4C90-4DE2-B948-1F680D4B088A}.Debug|iPhoneSimulator.ActiveCfg = Debug|x86
		{CAA002EF-4C90-4DE2-B948-1F680D4B088A}.Debug|iPhoneSimulator.Build.0 = Debug|x86
		{CAA002EF-4C90-4DE2-B948-1F680D4B088A}.Debug|iPhoneSimulator.Deploy.0 = Debug|x86
		{CAA002EF-4C90-4DE2-B948-1F680D4B088A}.Debug|x64.ActiveCfg = Debug|x64
		{CAA002EF-4C90-4DE2-B948-1F680D4B088A}.Debug|x64.Build.0 = Debug|x64
		{CAA002EF-4C90-4DE2-B948-1F680D4B088A}.Debug|x64.Deploy.0 = Debug|x64
		{CAA002EF-4C90-4DE2-B948-1F680D4B088A}.Debug|x86.ActiveCfg = Debug|x86
		{CAA002EF-4C90-4DE2-B948-1F680D4B088A}.Debug|x86.Build.0 = Debug|x86
		{CAA002EF-4C90-4DE2-B948-1F680D4B088A}.Debug|x86.Deploy.0 = Debug|x86
		{CAA002EF-4C90-4DE2-B948-1F680D4B088A}.Release|Any CPU.ActiveCfg = Release|x86
		{CAA002EF-4C90-4DE2-B948-1F680D4B088A}.Release|Any CPU.Build.0 = Release|x86
		{CAA002EF-4C90-4DE2-B948-1F680D4B088A}.Release|Any CPU.Deploy.0 = Release|x86
		{CAA002EF-4C90-4DE2-B948-1F680D4B088A}.Release|ARM.ActiveCfg = Release|ARM
		{CAA002EF-4C90-4DE2-B948-1F680D4B088A}.Release|ARM.Build.0 = Release|ARM
		{CAA002EF-4C90-4DE2-B948-1F680D4B088A}.Release|ARM.Deploy.0 = Release|ARM
		{CAA002EF-4C90-4DE2-B948-1F680D4B088A}.Release|iPhone.ActiveCfg = Release|x86
		{CAA002EF-4C90-4DE2-B948-1F680D4B088A}.Release|iPhone.Build.0 = Release|x86
		{CAA002EF-4C90-4DE2-B948-1F680D4B088A}.Release|iPhone.Deploy.0 = Release|x86
		{CAA002EF-4C90-4DE2-B948-1F680D4B088A}.Release|iPhoneSimulator.ActiveCfg = Release|x86
		{CAA002EF-4C90-4DE2-B948-1F680D4B088A}.Release|iPhoneSimulator.Build.0 = Release|x86
		{CAA002EF-4C90-4DE2-B948-1F680D4B088A}.Release|iPhoneSimulator.Deploy.0 = Release|x86
		{CAA002EF-4C90-4DE2-B948-1F680D4B088A}.Release|x64.ActiveCfg = Release|x64
		{CAA002EF-4C90-4DE2-B948-1F680D4B088A}.Release|x64.Build.0 = Release|x64
		{CAA002EF-4C90-4DE2-B948-1F680D4B088A}.Release|x64.Deploy.0 = Release|x64
		{CAA002EF-4C90-4DE2-B948-1F680D4B088A}.Release|x86.ActiveCfg = Release|x86
		{CAA002EF-4C90-4DE2-B948-1F680D4B088A}.Release|x86.Build.0 = Release|x86
		{CAA002EF-4C90-4DE2-B948-1F680D4B088A}.Release|x86.Deploy.0 = Release|x86
		{1E96DEE5-B3C4-44F1-AA6E-ACF60F3088AA}.Ad-Hoc|Any CPU.ActiveCfg = Debug|Any CPU
		{1E96DEE5-B3C4-44F1-AA6E-ACF60F3088AA}.Ad-Hoc|Any CPU.Build.0 = Debug|Any CPU
		{1E96DEE5-B3C4-44F1-AA6E-ACF60F3088AA}.Ad-Hoc|Any CPU.Deploy.0 = Debug|Any CPU
		{1E96DEE5-B3C4-44F1-AA6E-ACF60F3088AA}.Ad-Hoc|ARM.ActiveCfg = Debug|Any CPU
		{1E96DEE5-B3C4-44F1-AA6E-ACF60F3088AA}.Ad-Hoc|ARM.Build.0 = Debug|Any CPU
		{1E96DEE5-B3C4-44F1-AA6E-ACF60F3088AA}.Ad-Hoc|ARM.Deploy.0 = Debug|Any CPU
		{1E96DEE5-B3C4-44F1-AA6E-ACF60F3088AA}.Ad-Hoc|iPhone.ActiveCfg = Debug|Any CPU
		{1E96DEE5-B3C4-44F1-AA6E-ACF60F3088AA}.Ad-Hoc|iPhone.Build.0 = Debug|Any CPU
		{1E96DEE5-B3C4-44F1-AA6E-ACF60F3088AA}.Ad-Hoc|iPhone.Deploy.0 = Debug|Any CPU
		{1E96DEE5-B3C4-44F1-AA6E-ACF60F3088AA}.Ad-Hoc|iPhoneSimulator.ActiveCfg = Debug|Any CPU
		{1E96DEE5-B3C4-44F1-AA6E-ACF60F3088AA}.Ad-Hoc|iPhoneSimulator.Build.0 = Debug|Any CPU
		{1E96DEE5-B3C4-44F1-AA6E-ACF60F3088AA}.Ad-Hoc|iPhoneSimulator.Deploy.0 = Debug|Any CPU
		{1E96DEE5-B3C4-44F1-AA6E-ACF60F3088AA}.Ad-Hoc|x64.ActiveCfg = Debug|Any CPU
		{1E96DEE5-B3C4-44F1-AA6E-ACF60F3088AA}.Ad-Hoc|x64.Build.0 = Debug|Any CPU
		{1E96DEE5-B3C4-44F1-AA6E-ACF60F3088AA}.Ad-Hoc|x64.Deploy.0 = Debug|Any CPU
		{1E96DEE5-B3C4-44F1-AA6E-ACF60F3088AA}.Ad-Hoc|x86.ActiveCfg = Debug|Any CPU
		{1E96DEE5-B3C4-44F1-AA6E-ACF60F3088AA}.Ad-Hoc|x86.Build.0 = Debug|Any CPU
		{1E96DEE5-B3C4-44F1-AA6E-ACF60F3088AA}.Ad-Hoc|x86.Deploy.0 = Debug|Any CPU
		{1E96DEE5-B3C4-44F1-AA6E-ACF60F3088AA}.AppStore|Any CPU.ActiveCfg = Debug|Any CPU
		{1E96DEE5-B3C4-44F1-AA6E-ACF60F3088AA}.AppStore|Any CPU.Build.0 = Debug|Any CPU
		{1E96DEE5-B3C4-44F1-AA6E-ACF60F3088AA}.AppStore|Any CPU.Deploy.0 = Debug|Any CPU
		{1E96DEE5-B3C4-44F1-AA6E-ACF60F3088AA}.AppStore|ARM.ActiveCfg = Debug|Any CPU
		{1E96DEE5-B3C4-44F1-AA6E-ACF60F3088AA}.AppStore|ARM.Build.0 = Debug|Any CPU
		{1E96DEE5-B3C4-44F1-AA6E-ACF60F3088AA}.AppStore|ARM.Deploy.0 = Debug|Any CPU
		{1E96DEE5-B3C4-44F1-AA6E-ACF60F3088AA}.AppStore|iPhone.ActiveCfg = Debug|Any CPU
		{1E96DEE5-B3C4-44F1-AA6E-ACF60F3088AA}.AppStore|iPhone.Build.0 = Debug|Any CPU
		{1E96DEE5-B3C4-44F1-AA6E-ACF60F3088AA}.AppStore|iPhone.Deploy.0 = Debug|Any CPU
		{1E96DEE5-B3C4-44F1-AA6E-ACF60F3088AA}.AppStore|iPhoneSimulator.ActiveCfg = Debug|Any CPU
		{1E96DEE5-B3C4-44F1-AA6E-ACF60F3088AA}.AppStore|iPhoneSimulator.Build.0 = Debug|Any CPU
		{1E96DEE5-B3C4-44F1-AA6E-ACF60F3088AA}.AppStore|iPhoneSimulator.Deploy.0 = Debug|Any CPU
		{1E96DEE5-B3C4-44F1-AA6E-ACF60F3088AA}.AppStore|x64.ActiveCfg = Debug|Any CPU
		{1E96DEE5-B3C4-44F1-AA6E-ACF60F3088AA}.AppStore|x64.Build.0 = Debug|Any CPU
		{1E96DEE5-B3C4-44F1-AA6E-ACF60F3088AA}.AppStore|x64.Deploy.0 = Debug|Any CPU
		{1E96DEE5-B3C4-44F1-AA6E-ACF60F3088AA}.AppStore|x86.ActiveCfg = Debug|Any CPU
		{1E96DEE5-B3C4-44F1-AA6E-ACF60F3088AA}.AppStore|x86.Build.0 = Debug|Any CPU
		{1E96DEE5-B3C4-44F1-AA6E-ACF60F3088AA}.AppStore|x86.Deploy.0 = Debug|Any CPU
		{1E96DEE5-B3C4-44F1-AA6E-ACF60F3088AA}.Debug|Any CPU.ActiveCfg = Debug|Any CPU
		{1E96DEE5-B3C4-44F1-AA6E-ACF60F3088AA}.Debug|Any CPU.Build.0 = Debug|Any CPU
		{1E96DEE5-B3C4-44F1-AA6E-ACF60F3088AA}.Debug|Any CPU.Deploy.0 = Debug|Any CPU
		{1E96DEE5-B3C4-44F1-AA6E-ACF60F3088AA}.Debug|ARM.ActiveCfg = Debug|Any CPU
		{1E96DEE5-B3C4-44F1-AA6E-ACF60F3088AA}.Debug|ARM.Build.0 = Debug|Any CPU
		{1E96DEE5-B3C4-44F1-AA6E-ACF60F3088AA}.Debug|ARM.Deploy.0 = Debug|Any CPU
		{1E96DEE5-B3C4-44F1-AA6E-ACF60F3088AA}.Debug|iPhone.ActiveCfg = Debug|Any CPU
		{1E96DEE5-B3C4-44F1-AA6E-ACF60F3088AA}.Debug|iPhone.Build.0 = Debug|Any CPU
		{1E96DEE5-B3C4-44F1-AA6E-ACF60F3088AA}.Debug|iPhone.Deploy.0 = Debug|Any CPU
		{1E96DEE5-B3C4-44F1-AA6E-ACF60F3088AA}.Debug|iPhoneSimulator.ActiveCfg = Debug|Any CPU
		{1E96DEE5-B3C4-44F1-AA6E-ACF60F3088AA}.Debug|iPhoneSimulator.Build.0 = Debug|Any CPU
		{1E96DEE5-B3C4-44F1-AA6E-ACF60F3088AA}.Debug|iPhoneSimulator.Deploy.0 = Debug|Any CPU
		{1E96DEE5-B3C4-44F1-AA6E-ACF60F3088AA}.Debug|x64.ActiveCfg = Debug|Any CPU
		{1E96DEE5-B3C4-44F1-AA6E-ACF60F3088AA}.Debug|x64.Build.0 = Debug|Any CPU
		{1E96DEE5-B3C4-44F1-AA6E-ACF60F3088AA}.Debug|x64.Deploy.0 = Debug|Any CPU
		{1E96DEE5-B3C4-44F1-AA6E-ACF60F3088AA}.Debug|x86.ActiveCfg = Debug|Any CPU
		{1E96DEE5-B3C4-44F1-AA6E-ACF60F3088AA}.Debug|x86.Build.0 = Debug|Any CPU
		{1E96DEE5-B3C4-44F1-AA6E-ACF60F3088AA}.Debug|x86.Deploy.0 = Debug|Any CPU
		{1E96DEE5-B3C4-44F1-AA6E-ACF60F3088AA}.Release|Any CPU.ActiveCfg = Release|Any CPU
		{1E96DEE5-B3C4-44F1-AA6E-ACF60F3088AA}.Release|Any CPU.Build.0 = Release|Any CPU
		{1E96DEE5-B3C4-44F1-AA6E-ACF60F3088AA}.Release|Any CPU.Deploy.0 = Release|Any CPU
		{1E96DEE5-B3C4-44F1-AA6E-ACF60F3088AA}.Release|ARM.ActiveCfg = Release|Any CPU
		{1E96DEE5-B3C4-44F1-AA6E-ACF60F3088AA}.Release|ARM.Build.0 = Release|Any CPU
		{1E96DEE5-B3C4-44F1-AA6E-ACF60F3088AA}.Release|ARM.Deploy.0 = Release|Any CPU
		{1E96DEE5-B3C4-44F1-AA6E-ACF60F3088AA}.Release|iPhone.ActiveCfg = Release|Any CPU
		{1E96DEE5-B3C4-44F1-AA6E-ACF60F3088AA}.Release|iPhone.Build.0 = Release|Any CPU
		{1E96DEE5-B3C4-44F1-AA6E-ACF60F3088AA}.Release|iPhone.Deploy.0 = Release|Any CPU
		{1E96DEE5-B3C4-44F1-AA6E-ACF60F3088AA}.Release|iPhoneSimulator.ActiveCfg = Release|Any CPU
		{1E96DEE5-B3C4-44F1-AA6E-ACF60F3088AA}.Release|iPhoneSimulator.Build.0 = Release|Any CPU
		{1E96DEE5-B3C4-44F1-AA6E-ACF60F3088AA}.Release|iPhoneSimulator.Deploy.0 = Release|Any CPU
		{1E96DEE5-B3C4-44F1-AA6E-ACF60F3088AA}.Release|x64.ActiveCfg = Release|Any CPU
		{1E96DEE5-B3C4-44F1-AA6E-ACF60F3088AA}.Release|x64.Build.0 = Release|Any CPU
		{1E96DEE5-B3C4-44F1-AA6E-ACF60F3088AA}.Release|x64.Deploy.0 = Release|Any CPU
		{1E96DEE5-B3C4-44F1-AA6E-ACF60F3088AA}.Release|x86.ActiveCfg = Release|Any CPU
		{1E96DEE5-B3C4-44F1-AA6E-ACF60F3088AA}.Release|x86.Build.0 = Release|Any CPU
		{1E96DEE5-B3C4-44F1-AA6E-ACF60F3088AA}.Release|x86.Deploy.0 = Release|Any CPU
	EndGlobalSection
	GlobalSection(SolutionProperties) = preSolution
		HideSolutionNode = FALSE
	EndGlobalSection
	GlobalSection(ExtensibilityGlobals) = postSolution
		SolutionGuid = {72AFE852-1BFB-4193-AB78-243922DC54B7}
	EndGlobalSection
EndGlobal
